
Microsoft Visual Studio Solution File, Format Version 12.00
# Visual Studio Version 17
VisualStudioVersion = 17.0.31903.59
MinimumVisualStudioVersion = 10.0.40219.1
Project("{FAE04EC0-301F-11D3-BF4B-00C04F79EFBC}") = "InventoryStrategy", "InventoryStrategy\InventoryStrategy.csproj", "{DB4E904A-9655-4FB3-A65B-A60D9E82CDC3}"
EndProject
Global
	GlobalSection(SolutionConfigurationPlatforms) = preSolution
		Debug|Any CPU = Debug|Any CPU
		Release|Any CPU = Release|Any CPU
	EndGlobalSection
	GlobalSection(ProjectConfigurationPlatforms) = postSolution
		{DB4E904A-9655-4FB3-A65B-A60D9E82CDC3}.Debug|Any CPU.ActiveCfg = Debug|Any CPU
		{DB4E904A-9655-4FB3-A65B-A60D9E82CDC3}.Debug|Any CPU.Build.0 = Debug|Any CPU
		{DB4E904A-9655-4FB3-A65B-A60D9E82CDC3}.Release|Any CPU.ActiveCfg = Release|Any CPU
		{DB4E904A-9655-4FB3-A65B-A60D9E82CDC3}.Release|Any CPU.Build.0 = Release|Any CPU
	EndGlobalSection
	GlobalSection(SolutionProperties) = preSolution
		HideSolutionNode = FALSE
	EndGlobalSection
	GlobalSection(ExtensibilityGlobals) = postSolution
		SolutionGuid = {044C1AEF-0DEC-4716-9783-6B5A0E8B4855}
	EndGlobalSection
EndGlobal
